
Microsoft Visual Studio Solution File, Format Version 12.00
# Visual Studio Version 17
VisualStudioVersion = 17.5.33414.496
MinimumVisualStudioVersion = 10.0.40219.1
Project("{FAE04EC0-301F-11D3-BF4B-00C04F79EFBC}") = "tp 7_1302210065", "tp 7_1302210065\tp 7_1302210065.csproj", "{3EE944BB-04D3-45BA-AB03-5A404E884773}"
EndProject
Global
	GlobalSection(SolutionConfigurationPlatforms) = preSolution
		Debug|Any CPU = Debug|Any CPU
		Release|Any CPU = Release|Any CPU
	EndGlobalSection
	GlobalSection(ProjectConfigurationPlatforms) = postSolution
		{3EE944BB-04D3-45BA-AB03-5A404E884773}.Debug|Any CPU.ActiveCfg = Debug|Any CPU
		{3EE944BB-04D3-45BA-AB03-5A404E884773}.Debug|Any CPU.Build.0 = Debug|Any CPU
		{3EE944BB-04D3-45BA-AB03-5A404E884773}.Release|Any CPU.ActiveCfg = Release|Any CPU
		{3EE944BB-04D3-45BA-AB03-5A404E884773}.Release|Any CPU.Build.0 = Release|Any CPU
	EndGlobalSection
	GlobalSection(SolutionProperties) = preSolution
		HideSolutionNode = FALSE
	EndGlobalSection
	GlobalSection(ExtensibilityGlobals) = postSolution
		SolutionGuid = {B1E4F840-DB8C-4817-9B8E-66867B49256C}
	EndGlobalSection
EndGlobal
